# THIS IS AN AUTOGENERATED FILE. DO NOT EDIT THIS FILE DIRECTLY.
# yarn lockfile v1


"@types/md5@^2.1.33":
  version "2.1.33"
  resolved "https://registry.npm.taobao.org/@types/md5/download/@types/md5-2.1.33.tgz#8c8dba30df4ad0e92296424f08c4898dd808e8df"
  integrity sha1-jI26MN9K0OkilkJPCMSJjdgI6N8=
  dependencies:
    "@types/node" "*"

"@types/node@*":
  version "12.11.6"
  resolved "https://registry.npm.taobao.org/@types/node/download/@types/node-12.11.6.tgz#2f8d551aef252de78f42acdccd53f5a8ce0cac4d"
  integrity sha1-L41VGu8lLeePQqzczVP1qM4MrE0=

"@types/node@^12.11.2":
  version "12.11.2"
  resolved "https://registry.npm.taobao.org/@types/node/download/@types/node-12.11.2.tgz#75ba3beda30d690b89a5089ca1c6e8e386150b76"
  integrity sha1-dbo77aMNaQuJpQicocbo44YVC3Y=

charenc@~0.0.1:
  version "0.0.2"
  resolved "https://registry.npm.taobao.org/charenc/download/charenc-0.0.2.tgz#c0a1d2f3a7092e03774bfa83f14c0fc5790a8667"
  integrity sha1-wKHS86cJLgN3S/qD8UwPxXkKhmc=

commander@^3.0.2:
  version "3.0.2"
  resolved "https://registry.npm.taobao.org/commander/download/commander-3.0.2.tgz?cache=0&other_urls=https%3A%2F%2Fregistry.npm.taobao.org%2Fcommander%2Fdownload%2Fcommander-3.0.2.tgz#6837c3fb677ad9933d1cfba42dd14d5117d6b39e"
  integrity sha1-aDfD+2d62ZM9HPukLdFNURfWs54=

crypt@~0.0.1:
  version "0.0.2"
  resolved "https://registry.npm.taobao.org/crypt/download/crypt-0.0.2.tgz#88d7ff7ec0dfb86f713dc87bbb42d044d3e6c41b"
  integrity sha1-iNf/fsDfuG9xPch7u0LQRNPmxBs=

is-buffer@~1.1.1:
  version "1.1.6"
  resolved "https://registry.npm.taobao.org/is-buffer/download/is-buffer-1.1.6.tgz#efaa2ea9daa0d7ab2ea13a97b2b8ad51fefbe8be"
  integrity sha1-76ouqdqg16suoTqXsritUf776L4=

md5@^2.2.1:
  version "2.2.1"
  resolved "https://registry.npm.taobao.org/md5/download/md5-2.2.1.tgz#53ab38d5fe3c8891ba465329ea23fac0540126f9"
  integrity sha1-U6s41f48iJG6RlMp6iP6wFQBJvk=
  dependencies:
    charenc "~0.0.1"
    crypt "~0.0.1"
    is-buffer "~1.1.1"
